// !$*UTF8*$!
{
	archiveVersion = 1;
	classes = {
	};
	objectVersion = 55;
	objects = {

/* Begin PBXBuildFile section */
		DB6A69805E8EAE83E2136623 /* Pods_FirebaseApp.framework in Frameworks */ = {isa = PBXBuildFile; fileRef = F53535E0F393CA40B287634C /* Pods_FirebaseApp.framework */; };
		E8A9D8C528BB64BF00ADD016 /* AppDelegate.swift in Sources */ = {isa = PBXBuildFile; fileRef = E8A9D8C428BB64BF00ADD016 /* AppDelegate.swift */; };
		E8A9D8C728BB64BF00ADD016 /* SceneDelegate.swift in Sources */ = {isa = PBXBuildFile; fileRef = E8A9D8C628BB64BF00ADD016 /* SceneDelegate.swift */; };
		E8A9D8C928BB64BF00ADD016 /* PostListViewController.swift in Sources */ = {isa = PBXBuildFile; fileRef = E8A9D8C828BB64BF00ADD016 /* PostListViewController.swift */; };
		E8A9D8CC28BB64BF00ADD016 /* PostList.storyboard in Resources */ = {isa = PBXBuildFile; fileRef = E8A9D8CA28BB64BF00ADD016 /* PostList.storyboard */; };
		E8A9D8CE28BB64C300ADD016 /* Assets.xcassets in Resources */ = {isa = PBXBuildFile; fileRef = E8A9D8CD28BB64C300ADD016 /* Assets.xcassets */; };
		E8A9D8D128BB64C300ADD016 /* LaunchScreen.storyboard in Resources */ = {isa = PBXBuildFile; fileRef = E8A9D8CF28BB64C300ADD016 /* LaunchScreen.storyboard */; };
		E8A9D8E028BB736000ADD016 /* GoogleService-Info.plist in Resources */ = {isa = PBXBuildFile; fileRef = E8A9D8DF28BB736000ADD016 /* GoogleService-Info.plist */; };
		E8FF6E5D28BCEF4B0071DB37 /* Logger+.swift in Sources */ = {isa = PBXBuildFile; fileRef = E8FF6E5C28BCEF4B0071DB37 /* Logger+.swift */; };
/* End PBXBuildFile section */

/* Begin PBXFileReference section */
		4232953D126D8E5918AECE2D /* Pods-FirebaseApp.release.xcconfig */ = {isa = PBXFileReference; includeInIndex = 1; lastKnownFileType = text.xcconfig; name = "Pods-FirebaseApp.release.xcconfig"; path = "Target Support Files/Pods-FirebaseApp/Pods-FirebaseApp.release.xcconfig"; sourceTree = "<group>"; };
		E8A9D8C128BB64BF00ADD016 /* FirebaseApp.app */ = {isa = PBXFileReference; explicitFileType = wrapper.application; includeInIndex = 0; path = FirebaseApp.app; sourceTree = BUILT_PRODUCTS_DIR; };
		E8A9D8C428BB64BF00ADD016 /* AppDelegate.swift */ = {isa = PBXFileReference; lastKnownFileType = sourcecode.swift; path = AppDelegate.swift; sourceTree = "<group>"; };
		E8A9D8C628BB64BF00ADD016 /* SceneDelegate.swift */ = {isa = PBXFileReference; lastKnownFileType = sourcecode.swift; path = SceneDelegate.swift; sourceTree = "<group>"; };
		E8A9D8C828BB64BF00ADD016 /* PostListViewController.swift */ = {isa = PBXFileReference; lastKnownFileType = sourcecode.swift; path = PostListViewController.swift; sourceTree = "<group>"; };
		E8A9D8CB28BB64BF00ADD016 /* Base */ = {isa = PBXFileReference; lastKnownFileType = file.storyboard; name = Base; path = Base.lproj/PostList.storyboard; sourceTree = "<group>"; };
		E8A9D8CD28BB64C300ADD016 /* Assets.xcassets */ = {isa = PBXFileReference; lastKnownFileType = folder.assetcatalog; path = Assets.xcassets; sourceTree = "<group>"; };
		E8A9D8D028BB64C300ADD016 /* Base */ = {isa = PBXFileReference; lastKnownFileType = file.storyboard; name = Base; path = Base.lproj/LaunchScreen.storyboard; sourceTree = "<group>"; };
		E8A9D8D228BB64C300ADD016 /* Info.plist */ = {isa = PBXFileReference; lastKnownFileType = text.plist.xml; name = Info.plist; path = FirebaseApp/Resources/Info.plist; sourceTree = SOURCE_ROOT; };
		E8A9D8DF28BB736000ADD016 /* GoogleService-Info.plist */ = {isa = PBXFileReference; fileEncoding = 4; lastKnownFileType = text.plist.xml; path = "GoogleService-Info.plist"; sourceTree = "<group>"; };
		E8FF6E5A28BCE40E0071DB37 /* FirebaseApp.entitlements */ = {isa = PBXFileReference; lastKnownFileType = text.plist.entitlements; path = FirebaseApp.entitlements; sourceTree = "<group>"; };
		E8FF6E5C28BCEF4B0071DB37 /* Logger+.swift */ = {isa = PBXFileReference; lastKnownFileType = sourcecode.swift; path = "Logger+.swift"; sourceTree = "<group>"; };
		F3B01CBFB589C0BF6350F907 /* Pods-FirebaseApp.debug.xcconfig */ = {isa = PBXFileReference; includeInIndex = 1; lastKnownFileType = text.xcconfig; name = "Pods-FirebaseApp.debug.xcconfig"; path = "Target Support Files/Pods-FirebaseApp/Pods-FirebaseApp.debug.xcconfig"; sourceTree = "<group>"; };
		F53535E0F393CA40B287634C /* Pods_FirebaseApp.framework */ = {isa = PBXFileReference; explicitFileType = wrapper.framework; includeInIndex = 0; path = Pods_FirebaseApp.framework; sourceTree = BUILT_PRODUCTS_DIR; };
/* End PBXFileReference section */

/* Begin PBXFrameworksBuildPhase section */
		E8A9D8BE28BB64BF00ADD016 /* Frameworks */ = {
			isa = PBXFrameworksBuildPhase;
			buildActionMask = 2147483647;
			files = (
				DB6A69805E8EAE83E2136623 /* Pods_FirebaseApp.framework in Frameworks */,
			);
			runOnlyForDeploymentPostprocessing = 0;
		};
/* End PBXFrameworksBuildPhase section */

/* Begin PBXGroup section */
		184E0F16035AE0FC9E165873 /* Pods */ = {
			isa = PBXGroup;
			children = (
				F3B01CBFB589C0BF6350F907 /* Pods-FirebaseApp.debug.xcconfig */,
				4232953D126D8E5918AECE2D /* Pods-FirebaseApp.release.xcconfig */,
			);
			path = Pods;
			sourceTree = "<group>";
		};
		AE1A62CE4455AE3F6AA948D3 /* Frameworks */ = {
			isa = PBXGroup;
			children = (
				F53535E0F393CA40B287634C /* Pods_FirebaseApp.framework */,
			);
			name = Frameworks;
			sourceTree = "<group>";
		};
		E8A9D8B828BB64BF00ADD016 = {
			isa = PBXGroup;
			children = (
				E8A9D8C328BB64BF00ADD016 /* FirebaseApp */,
				E8A9D8C228BB64BF00ADD016 /* Products */,
				184E0F16035AE0FC9E165873 /* Pods */,
				AE1A62CE4455AE3F6AA948D3 /* Frameworks */,
			);
			sourceTree = "<group>";
		};
		E8A9D8C228BB64BF00ADD016 /* Products */ = {
			isa = PBXGroup;
			children = (
				E8A9D8C128BB64BF00ADD016 /* FirebaseApp.app */,
			);
			name = Products;
			sourceTree = "<group>";
		};
		E8A9D8C328BB64BF00ADD016 /* FirebaseApp */ = {
			isa = PBXGroup;
			children = (
				E8FF6E5A28BCE40E0071DB37 /* FirebaseApp.entitlements */,
				E8A9D8DF28BB736000ADD016 /* GoogleService-Info.plist */,
				E8A9D8DA28BB668D00ADD016 /* Application */,
				E8A9D8D828BB668500ADD016 /* Resources */,
				E8A9D8D928BB668700ADD016 /* Scenes */,
				E8FF6E5B28BCEF3C0071DB37 /* Utils */,
			);
			path = FirebaseApp;
			sourceTree = "<group>";
		};
		E8A9D8D828BB668500ADD016 /* Resources */ = {
			isa = PBXGroup;
			children = (
				E8A9D8CD28BB64C300ADD016 /* Assets.xcassets */,
				E8A9D8CF28BB64C300ADD016 /* LaunchScreen.storyboard */,
				E8A9D8D228BB64C300ADD016 /* Info.plist */,
			);
			path = Resources;
			sourceTree = "<group>";
		};
		E8A9D8D928BB668700ADD016 /* Scenes */ = {
			isa = PBXGroup;
			children = (
				E8A9D8E128BB737600ADD016 /* Posts */,
			);
			name = Scenes;
			sourceTree = "<group>";
		};
		E8A9D8DA28BB668D00ADD016 /* Application */ = {
			isa = PBXGroup;
			children = (
				E8A9D8C428BB64BF00ADD016 /* AppDelegate.swift */,
				E8A9D8C628BB64BF00ADD016 /* SceneDelegate.swift */,
			);
			path = Application;
			sourceTree = "<group>";
		};
		E8A9D8E128BB737600ADD016 /* Posts */ = {
			isa = PBXGroup;
			children = (
				E8EE63F928C6EC630043678B /* PostList */,
				E8EE63FA28C6EC6B0043678B /* PostRegistration */,
			);
			name = Posts;
			sourceTree = "<group>";
		};
		E8EE63F928C6EC630043678B /* PostList */ = {
			isa = PBXGroup;
			children = (
				E8A9D8C828BB64BF00ADD016 /* PostListViewController.swift */,
				E8A9D8CA28BB64BF00ADD016 /* PostList.storyboard */,
			);
			name = PostList;
			sourceTree = "<group>";
		};
		E8EE63FA28C6EC6B0043678B /* PostRegistration */ = {
			isa = PBXGroup;
			children = (
			);
			name = PostRegistration;
			sourceTree = "<group>";
		};
		E8FF6E5B28BCEF3C0071DB37 /* Utils */ = {
			isa = PBXGroup;
			children = (
				E8FF6E5C28BCEF4B0071DB37 /* Logger+.swift */,
			);
			path = Utils;
			sourceTree = "<group>";
		};
/* End PBXGroup section */

/* Begin PBXNativeTarget section */
		E8A9D8C028BB64BF00ADD016 /* FirebaseApp */ = {
			isa = PBXNativeTarget;
			buildConfigurationList = E8A9D8D528BB64C300ADD016 /* Build configuration list for PBXNativeTarget "FirebaseApp" */;
			buildPhases = (
				D5E8C193782D5E5E7C8F6F60 /* [CP] Check Pods Manifest.lock */,
				E8A9D8BD28BB64BF00ADD016 /* Sources */,
				E8A9D8BE28BB64BF00ADD016 /* Frameworks */,
				E8A9D8BF28BB64BF00ADD016 /* Resources */,
				284AD75A6CA248E09E8B0D7B /* [CP] Embed Pods Frameworks */,
			);
			buildRules = (
			);
			dependencies = (
			);
			name = FirebaseApp;
			productName = FirebaseApp;
			productReference = E8A9D8C128BB64BF00ADD016 /* FirebaseApp.app */;
			productType = "com.apple.product-type.application";
		};
/* End PBXNativeTarget section */

/* Begin PBXProject section */
		E8A9D8B928BB64BF00ADD016 /* Project object */ = {
			isa = PBXProject;
			attributes = {
				BuildIndependentTargetsInParallel = 1;
				LastSwiftUpdateCheck = 1340;
				LastUpgradeCheck = 1340;
				TargetAttributes = {
					E8A9D8C028BB64BF00ADD016 = {
						CreatedOnToolsVersion = 13.4.1;
					};
				};
			};
			buildConfigurationList = E8A9D8BC28BB64BF00ADD016 /* Build configuration list for PBXProject "FirebaseApp" */;
			compatibilityVersion = "Xcode 13.0";
			developmentRegion = en;
			hasScannedForEncodings = 0;
			knownRegions = (
				en,
				Base,
			);
			mainGroup = E8A9D8B828BB64BF00ADD016;
			productRefGroup = E8A9D8C228BB64BF00ADD016 /* Products */;
			projectDirPath = "";
			projectRoot = "";
			targets = (
				E8A9D8C028BB64BF00ADD016 /* FirebaseApp */,
			);
		};
/* End PBXProject section */

/* Begin PBXResourcesBuildPhase section */
		E8A9D8BF28BB64BF00ADD016 /* Resources */ = {
			isa = PBXResourcesBuildPhase;
			buildActionMask = 2147483647;
			files = (
				E8A9D8D128BB64C300ADD016 /* LaunchScreen.storyboard in Resources */,
				E8A9D8E028BB736000ADD016 /* GoogleService-Info.plist in Resources */,
				E8A9D8CE28BB64C300ADD016 /* Assets.xcassets in Resources */,
				E8A9D8CC28BB64BF00ADD016 /* PostList.storyboard in Resources */,
			);
			runOnlyForDeploymentPostprocessing = 0;
		};
/* End PBXResourcesBuildPhase section */

/* Begin PBXShellScriptBuildPhase section */
		284AD75A6CA248E09E8B0D7B /* [CP] Embed Pods Frameworks */ = {
			isa = PBXShellScriptBuildPhase;
			buildActionMask = 2147483647;
			files = (
			);
			inputFileListPaths = (
				"${PODS_ROOT}/Target Support Files/Pods-FirebaseApp/Pods-FirebaseApp-frameworks-${CONFIGURATION}-input-files.xcfilelist",
			);
			name = "[CP] Embed Pods Frameworks";
			outputFileListPaths = (
				"${PODS_ROOT}/Target Support Files/Pods-FirebaseApp/Pods-FirebaseApp-frameworks-${CONFIGURATION}-output-files.xcfilelist",
			);
			runOnlyForDeploymentPostprocessing = 0;
			shellPath = /bin/sh;
			shellScript = "\"${PODS_ROOT}/Target Support Files/Pods-FirebaseApp/Pods-FirebaseApp-frameworks.sh\"\n";
			showEnvVarsInLog = 0;
		};
		D5E8C193782D5E5E7C8F6F60 /* [CP] Check Pods Manifest.lock */ = {
			isa = PBXShellScriptBuildPhase;
			buildActionMask = 2147483647;
			files = (
			);
			inputFileListPaths = (
			);
			inputPaths = (
				"${PODS_PODFILE_DIR_PATH}/Podfile.lock",
				"${PODS_ROOT}/Manifest.lock",
			);
			name = "[CP] Check Pods Manifest.lock";
			outputFileListPaths = (
			);
			outputPaths = (
				"$(DERIVED_FILE_DIR)/Pods-FirebaseApp-checkManifestLockResult.txt",
			);
			runOnlyForDeploymentPostprocessing = 0;
			shellPath = /bin/sh;
			shellScript = "diff \"${PODS_PODFILE_DIR_PATH}/Podfile.lock\" \"${PODS_ROOT}/Manifest.lock\" > /dev/null\nif [ $? != 0 ] ; then\n    # print error to STDERR\n    echo \"error: The sandbox is not in sync with the Podfile.lock. Run 'pod install' or update your CocoaPods installation.\" >&2\n    exit 1\nfi\n# This output is used by Xcode 'outputs' to avoid re-running this script phase.\necho \"SUCCESS\" > \"${SCRIPT_OUTPUT_FILE_0}\"\n";
			showEnvVarsInLog = 0;
		};
/* End PBXShellScriptBuildPhase section */

/* Begin PBXSourcesBuildPhase section */
		E8A9D8BD28BB64BF00ADD016 /* Sources */ = {
			isa = PBXSourcesBuildPhase;
			buildActionMask = 2147483647;
			files = (
				E8A9D8C928BB64BF00ADD016 /* PostListViewController.swift in Sources */,
				E8A9D8C528BB64BF00ADD016 /* AppDelegate.swift in Sources */,
				E8A9D8C728BB64BF00ADD016 /* SceneDelegate.swift in Sources */,
				E8FF6E5D28BCEF4B0071DB37 /* Logger+.swift in Sources */,
			);
			runOnlyForDeploymentPostprocessing = 0;
		};
/* End PBXSourcesBuildPhase section */

/* Begin PBXVariantGroup section */
		E8A9D8CA28BB64BF00ADD016 /* PostList.storyboard */ = {
			isa = PBXVariantGroup;
			children = (
				E8A9D8CB28BB64BF00ADD016 /* Base */,
			);
			name = PostList.storyboard;
			sourceTree = "<group>";
		};
		E8A9D8CF28BB64C300ADD016 /* LaunchScreen.storyboard */ = {
			isa = PBXVariantGroup;
			children = (
				E8A9D8D028BB64C300ADD016 /* Base */,
			);
			name = LaunchScreen.storyboard;
			sourceTree = "<group>";
		};
/* End PBXVariantGroup section */

/* Begin XCBuildConfiguration section */
		E8A9D8D328BB64C300ADD016 /* Debug */ = {
			isa = XCBuildConfiguration;
			buildSettings = {
				ALWAYS_SEARCH_USER_PATHS = NO;
				CLANG_ANALYZER_NONNULL = YES;
				CLANG_ANALYZER_NUMBER_OBJECT_CONVERSION = YES_AGGRESSIVE;
				CLANG_CXX_LANGUAGE_STANDARD = "gnu++17";
				CLANG_ENABLE_MODULES = YES;
				CLANG_ENABLE_OBJC_ARC = YES;
				CLANG_ENABLE_OBJC_WEAK = YES;
				CLANG_WARN_BLOCK_CAPTURE_AUTORELEASING = YES;
				CLANG_WARN_BOOL_CONVERSION = YES;
				CLANG_WARN_COMMA = YES;
				CLANG_WARN_CONSTANT_CONVERSION = YES;
				CLANG_WARN_DEPRECATED_OBJC_IMPLEMENTATIONS = YES;
				CLANG_WARN_DIRECT_OBJC_ISA_USAGE = YES_ERROR;
				CLANG_WARN_DOCUMENTATION_COMMENTS = YES;
				CLANG_WARN_EMPTY_BODY = YES;
				CLANG_WARN_ENUM_CONVERSION = YES;
				CLANG_WARN_INFINITE_RECURSION = YES;
				CLANG_WARN_INT_CONVERSION = YES;
				CLANG_WARN_NON_LITERAL_NULL_CONVERSION = YES;
				CLANG_WARN_OBJC_IMPLICIT_RETAIN_SELF = YES;
				CLANG_WARN_OBJC_LITERAL_CONVERSION = YES;
				CLANG_WARN_OBJC_ROOT_CLASS = YES_ERROR;
				CLANG_WARN_QUOTED_INCLUDE_IN_FRAMEWORK_HEADER = YES;
				CLANG_WARN_RANGE_LOOP_ANALYSIS = YES;
				CLANG_WARN_STRICT_PROTOTYPES = YES;
				CLANG_WARN_SUSPICIOUS_MOVE = YES;
				CLANG_WARN_UNGUARDED_AVAILABILITY = YES_AGGRESSIVE;
				CLANG_WARN_UNREACHABLE_CODE = YES;
				CLANG_WARN__DUPLICATE_METHOD_MATCH = YES;
				COPY_PHASE_STRIP = NO;
				DEBUG_INFORMATION_FORMAT = dwarf;
				ENABLE_STRICT_OBJC_MSGSEND = YES;
				ENABLE_TESTABILITY = YES;
				GCC_C_LANGUAGE_STANDARD = gnu11;
				GCC_DYNAMIC_NO_PIC = NO;
				GCC_NO_COMMON_BLOCKS = YES;
				GCC_OPTIMIZATION_LEVEL = 0;
				GCC_PREPROCESSOR_DEFINITIONS = (
					"DEBUG=1",
					"$(inherited)",
				);
				GCC_WARN_64_TO_32_BIT_CONVERSION = YES;
				GCC_WARN_ABOUT_RETURN_TYPE = YES_ERROR;
				GCC_WARN_UNDECLARED_SELECTOR = YES;
				GCC_WARN_UNINITIALIZED_AUTOS = YES_AGGRESSIVE;
				GCC_WARN_UNUSED_FUNCTION = YES;
				GCC_WARN_UNUSED_VARIABLE = YES;
				IPHONEOS_DEPLOYMENT_TARGET = 15.0;
				MTL_ENABLE_DEBUG_INFO = INCLUDE_SOURCE;
				MTL_FAST_MATH = YES;
				ONLY_ACTIVE_ARCH = YES;
				SDKROOT = iphoneos;
				SWIFT_ACTIVE_COMPILATION_CONDITIONS = DEBUG;
				SWIFT_OPTIMIZATION_LEVEL = "-Onone";
			};
			name = Debug;
		};
		E8A9D8D428BB64C300ADD016 /* Release */ = {
			isa = XCBuildConfiguration;
			buildSettings = {
				ALWAYS_SEARCH_USER_PATHS = NO;
				CLANG_ANALYZER_NONNULL = YES;
				CLANG_ANALYZER_NUMBER_OBJECT_CONVERSION = YES_AGGRESSIVE;
				CLANG_CXX_LANGUAGE_STANDARD = "gnu++17";
				CLANG_ENABLE_MODULES = YES;
				CLANG_ENABLE_OBJC_ARC = YES;
				CLANG_ENABLE_OBJC_WEAK = YES;
				CLANG_WARN_BLOCK_CAPTURE_AUTORELEASING = YES;
				CLANG_WARN_BOOL_CONVERSION = YES;
				CLANG_WARN_COMMA = YES;
				CLANG_WARN_CONSTANT_CONVERSION = YES;
				CLANG_WARN_DEPRECATED_OBJC_IMPLEMENTATIONS = YES;
				CLANG_WARN_DIRECT_OBJC_ISA_USAGE = YES_ERROR;
				CLANG_WARN_DOCUMENTATION_COMMENTS = YES;
				CLANG_WARN_EMPTY_BODY = YES;
				CLANG_WARN_ENUM_CONVERSION = YES;
				CLANG_WARN_INFINITE_RECURSION = YES;
				CLANG_WARN_INT_CONVERSION = YES;
				CLANG_WARN_NON_LITERAL_NULL_CONVERSION = YES;
				CLANG_WARN_OBJC_IMPLICIT_RETAIN_SELF = YES;
				CLANG_WARN_OBJC_LITERAL_CONVERSION = YES;
				CLANG_WARN_OBJC_ROOT_CLASS = YES_ERROR;
				CLANG_WARN_QUOTED_INCLUDE_IN_FRAMEWORK_HEADER = YES;
				CLANG_WARN_RANGE_LOOP_ANALYSIS = YES;
				CLANG_WARN_STRICT_PROTOTYPES = YES;
				CLANG_WARN_SUSPICIOUS_MOVE = YES;
				CLANG_WARN_UNGUARDED_AVAILABILITY = YES_AGGRESSIVE;
				CLANG_WARN_UNREACHABLE_CODE = YES;
				CLANG_WARN__DUPLICATE_METHOD_MATCH = YES;
				COPY_PHASE_STRIP = NO;
				DEBUG_INFORMATION_FORMAT = "dwarf-with-dsym";
				ENABLE_NS_ASSERTIONS = NO;
				ENABLE_STRICT_OBJC_MSGSEND = YES;
				GCC_C_LANGUAGE_STANDARD = gnu11;
				GCC_NO_COMMON_BLOCKS = YES;
				GCC_WARN_64_TO_32_BIT_CONVERSION = YES;
				GCC_WARN_ABOUT_RETURN_TYPE = YES_ERROR;
				GCC_WARN_UNDECLARED_SELECTOR = YES;
				GCC_WARN_UNINITIALIZED_AUTOS = YES_AGGRESSIVE;
				GCC_WARN_UNUSED_FUNCTION = YES;
				GCC_WARN_UNUSED_VARIABLE = YES;
				IPHONEOS_DEPLOYMENT_TARGET = 15.0;
				MTL_ENABLE_DEBUG_INFO = NO;
				MTL_FAST_MATH = YES;
				SDKROOT = iphoneos;
				SWIFT_COMPILATION_MODE = wholemodule;
				SWIFT_OPTIMIZATION_LEVEL = "-O";
				VALIDATE_PRODUCT = YES;
			};
			name = Release;
		};
		E8A9D8D628BB64C300ADD016 /* Debug */ = {
			isa = XCBuildConfiguration;
			baseConfigurationReference = F3B01CBFB589C0BF6350F907 /* Pods-FirebaseApp.debug.xcconfig */;
			buildSettings = {
				ASSETCATALOG_COMPILER_APPICON_NAME = AppIcon;
				ASSETCATALOG_COMPILER_GLOBAL_ACCENT_COLOR_NAME = AccentColor;
				CODE_SIGN_ENTITLEMENTS = FirebaseApp/FirebaseApp.entitlements;
				CODE_SIGN_STYLE = Automatic;
				CURRENT_PROJECT_VERSION = 1;
				DEVELOPMENT_TEAM = 2AVC8X7323;
				GENERATE_INFOPLIST_FILE = YES;
				INFOPLIST_FILE = FirebaseApp/Resources/Info.plist;
				INFOPLIST_KEY_UIApplicationSupportsIndirectInputEvents = YES;
				INFOPLIST_KEY_UILaunchStoryboardName = LaunchScreen;
				INFOPLIST_KEY_UISupportedInterfaceOrientations = UIInterfaceOrientationPortrait;
				INFOPLIST_KEY_UISupportedInterfaceOrientations_iPad = "UIInterfaceOrientationPortrait UIInterfaceOrientationPortraitUpsideDown UIInterfaceOrientationLandscapeLeft UIInterfaceOrientationLandscapeRight";
				INFOPLIST_KEY_UISupportedInterfaceOrientations_iPhone = "UIInterfaceOrientationPortrait UIInterfaceOrientationLandscapeLeft UIInterfaceOrientationLandscapeRight";
				LD_RUNPATH_SEARCH_PATHS = (
					"$(inherited)",
					"@executable_path/Frameworks",
				);
				MARKETING_VERSION = 1.0;
				PRODUCT_BUNDLE_IDENTIFIER = com.woin2ee.FirebaseApp;
				PRODUCT_NAME = "$(TARGET_NAME)";
				SWIFT_EMIT_LOC_STRINGS = YES;
				SWIFT_VERSION = 5.0;
				TARGETED_DEVICE_FAMILY = 1;
			};
			name = Debug;
		};
		E8A9D8D728BB64C300ADD016 /* Release */ = {
			isa = XCBuildConfiguration;
			baseConfigurationReference = 4232953D126D8E5918AECE2D /* Pods-FirebaseApp.release.xcconfig */;
			buildSettings = {
				ASSETCATALOG_COMPILER_APPICON_NAME = AppIcon;
				ASSETCATALOG_COMPILER_GLOBAL_ACCENT_COLOR_NAME = AccentColor;
				CODE_SIGN_ENTITLEMENTS = FirebaseApp/FirebaseApp.entitlements;
				CODE_SIGN_STYLE = Automatic;
				CURRENT_PROJECT_VERSION = 1;
				DEVELOPMENT_TEAM = 2AVC8X7323;
				GENERATE_INFOPLIST_FILE = YES;
				INFOPLIST_FILE = FirebaseApp/Resources/Info.plist;
				INFOPLIST_KEY_UIApplicationSupportsIndirectInputEvents = YES;
				INFOPLIST_KEY_UILaunchStoryboardName = LaunchScreen;
				INFOPLIST_KEY_UISupportedInterfaceOrientations = UIInterfaceOrientationPortrait;
				INFOPLIST_KEY_UISupportedInterfaceOrientations_iPad = "UIInterfaceOrientationPortrait UIInterfaceOrientationPortraitUpsideDown UIInterfaceOrientationLandscapeLeft UIInterfaceOrientationLandscapeRight";
				INFOPLIST_KEY_UISupportedInterfaceOrientations_iPhone = "UIInterfaceOrientationPortrait UIInterfaceOrientationLandscapeLeft UIInterfaceOrientationLandscapeRight";
				LD_RUNPATH_SEARCH_PATHS = (
					"$(inherited)",
					"@executable_path/Frameworks",
				);
				MARKETING_VERSION = 1.0;
				PRODUCT_BUNDLE_IDENTIFIER = com.woin2ee.FirebaseApp;
				PRODUCT_NAME = "$(TARGET_NAME)";
				SWIFT_EMIT_LOC_STRINGS = YES;
				SWIFT_VERSION = 5.0;
				TARGETED_DEVICE_FAMILY = 1;
			};
			name = Release;
		};
/* End XCBuildConfiguration section */

/* Begin XCConfigurationList section */
		E8A9D8BC28BB64BF00ADD016 /* Build configuration list for PBXProject "FirebaseApp" */ = {
			isa = XCConfigurationList;
			buildConfigurations = (
				E8A9D8D328BB64C300ADD016 /* Debug */,
				E8A9D8D428BB64C300ADD016 /* Release */,
			);
			defaultConfigurationIsVisible = 0;
			defaultConfigurationName = Release;
		};
		E8A9D8D528BB64C300ADD016 /* Build configuration list for PBXNativeTarget "FirebaseApp" */ = {
			isa = XCConfigurationList;
			buildConfigurations = (
				E8A9D8D628BB64C300ADD016 /* Debug */,
				E8A9D8D728BB64C300ADD016 /* Release */,
			);
			defaultConfigurationIsVisible = 0;
			defaultConfigurationName = Release;
		};
/* End XCConfigurationList section */
	};
	rootObject = E8A9D8B928BB64BF00ADD016 /* Project object */;
}
